
Microsoft Visual Studio Solution File, Format Version 12.00
# Visual Studio 15
VisualStudioVersion = 15.0.26124.0
MinimumVisualStudioVersion = 15.0.26124.0
Project("{2150E333-8FDC-42A3-9474-1A3956D46DE8}") = "src", "src", "{0B401305-5830-4F5D-B5AA-C3F4CF638817}"
EndProject
Project("{FAE04EC0-301F-11D3-BF4B-00C04F79EFBC}") = "Gradebook", "src\GradeBook\Gradebook.csproj", "{E8A7964C-8C71-4742-870E-292251DD4D47}"
EndProject
Project("{2150E333-8FDC-42A3-9474-1A3956D46DE8}") = "test", "test", "{83A9AFCA-A1CC-4332-B7AA-D040152CDB60}"
EndProject
Project("{FAE04EC0-301F-11D3-BF4B-00C04F79EFBC}") = "GradeBook.Tests", "test\GradeBook.Tests\GradeBook.Tests.csproj", "{0C164E18-916A-42F3-BF64-5986C5937970}"
EndProject
Global
	GlobalSection(SolutionConfigurationPlatforms) = preSolution
		Debug|Any CPU = Debug|Any CPU
		Debug|x64 = Debug|x64
		Debug|x86 = Debug|x86
		Release|Any CPU = Release|Any CPU
		Release|x64 = Release|x64
		Release|x86 = Release|x86
	EndGlobalSection
	GlobalSection(SolutionProperties) = preSolution
		HideSolutionNode = FALSE
	EndGlobalSection
	GlobalSection(ProjectConfigurationPlatforms) = postSolution
		{E8A7964C-8C71-4742-870E-292251DD4D47}.Debug|Any CPU.ActiveCfg = Debug|Any CPU
		{E8A7964C-8C71-4742-870E-292251DD4D47}.Debug|Any CPU.Build.0 = Debug|Any CPU
		{E8A7964C-8C71-4742-870E-292251DD4D47}.Debug|x64.ActiveCfg = Debug|Any CPU
		{E8A7964C-8C71-4742-870E-292251DD4D47}.Debug|x64.Build.0 = Debug|Any CPU
		{E8A7964C-8C71-4742-870E-292251DD4D47}.Debug|x86.ActiveCfg = Debug|Any CPU
		{E8A7964C-8C71-4742-870E-292251DD4D47}.Debug|x86.Build.0 = Debug|Any CPU
		{E8A7964C-8C71-4742-870E-292251DD4D47}.Release|Any CPU.ActiveCfg = Release|Any CPU
		{E8A7964C-8C71-4742-870E-292251DD4D47}.Release|Any CPU.Build.0 = Release|Any CPU
		{E8A7964C-8C71-4742-870E-292251DD4D47}.Release|x64.ActiveCfg = Release|Any CPU
		{E8A7964C-8C71-4742-870E-292251DD4D47}.Release|x64.Build.0 = Release|Any CPU
		{E8A7964C-8C71-4742-870E-292251DD4D47}.Release|x86.ActiveCfg = Release|Any CPU
		{E8A7964C-8C71-4742-870E-292251DD4D47}.Release|x86.Build.0 = Release|Any CPU
		{0C164E18-916A-42F3-BF64-5986C5937970}.Debug|Any CPU.ActiveCfg = Debug|Any CPU
		{0C164E18-916A-42F3-BF64-5986C5937970}.Debug|Any CPU.Build.0 = Debug|Any CPU
		{0C164E18-916A-42F3-BF64-5986C5937970}.Debug|x64.ActiveCfg = Debug|Any CPU
		{0C164E18-916A-42F3-BF64-5986C5937970}.Debug|x64.Build.0 = Debug|Any CPU
		{0C164E18-916A-42F3-BF64-5986C5937970}.Debug|x86.ActiveCfg = Debug|Any CPU
		{0C164E18-916A-42F3-BF64-5986C5937970}.Debug|x86.Build.0 = Debug|Any CPU
		{0C164E18-916A-42F3-BF64-5986C5937970}.Release|Any CPU.ActiveCfg = Release|Any CPU
		{0C164E18-916A-42F3-BF64-5986C5937970}.Release|Any CPU.Build.0 = Release|Any CPU
		{0C164E18-916A-42F3-BF64-5986C5937970}.Release|x64.ActiveCfg = Release|Any CPU
		{0C164E18-916A-42F3-BF64-5986C5937970}.Release|x64.Build.0 = Release|Any CPU
		{0C164E18-916A-42F3-BF64-5986C5937970}.Release|x86.ActiveCfg = Release|Any CPU
		{0C164E18-916A-42F3-BF64-5986C5937970}.Release|x86.Build.0 = Release|Any CPU
	EndGlobalSection
	GlobalSection(NestedProjects) = preSolution
		{E8A7964C-8C71-4742-870E-292251DD4D47} = {0B401305-5830-4F5D-B5AA-C3F4CF638817}
		{0C164E18-916A-42F3-BF64-5986C5937970} = {83A9AFCA-A1CC-4332-B7AA-D040152CDB60}
	EndGlobalSection
EndGlobal
